
Microsoft Visual Studio Solution File, Format Version 12.00
# Visual Studio Version 16
VisualStudioVersion = 16.0.29709.97
MinimumVisualStudioVersion = 10.0.40219.1
Project("{FAE04EC0-301F-11D3-BF4B-00C04F79EFBC}") = "Exercicio3", "Exercicio3.csproj", "{E4CC79A8-142F-44AF-A37D-D21E1499F02D}"
EndProject
Global
	GlobalSection(SolutionConfigurationPlatforms) = preSolution
		Debug|Any CPU = Debug|Any CPU
		Release|Any CPU = Release|Any CPU
	EndGlobalSection
	GlobalSection(ProjectConfigurationPlatforms) = postSolution
		{E4CC79A8-142F-44AF-A37D-D21E1499F02D}.Debug|Any CPU.ActiveCfg = Debug|Any CPU
		{E4CC79A8-142F-44AF-A37D-D21E1499F02D}.Debug|Any CPU.Build.0 = Debug|Any CPU
		{E4CC79A8-142F-44AF-A37D-D21E1499F02D}.Release|Any CPU.ActiveCfg = Release|Any CPU
		{E4CC79A8-142F-44AF-A37D-D21E1499F02D}.Release|Any CPU.Build.0 = Release|Any CPU
	EndGlobalSection
	GlobalSection(SolutionProperties) = preSolution
		HideSolutionNode = FALSE
	EndGlobalSection
	GlobalSection(ExtensibilityGlobals) = postSolution
		SolutionGuid = {6C70A7BF-AA8B-4F56-8DB7-FA57ED24A190}
	EndGlobalSection
EndGlobal
